// !$*UTF8*$!
{
	archiveVersion = 1;
	classes = {
	};
	objectVersion = 55;
	objects = {

/* Begin PBXBuildFile section */
		22A904422784504800A25020 /* AppDelegate.swift in Sources */ = {isa = PBXBuildFile; fileRef = 22A904412784504800A25020 /* AppDelegate.swift */; };
		22A9044B2784504B00A25020 /* Assets.xcassets in Resources */ = {isa = PBXBuildFile; fileRef = 22A9044A2784504B00A25020 /* Assets.xcassets */; };
		22A9044E2784504B00A25020 /* LaunchScreen.storyboard in Resources */ = {isa = PBXBuildFile; fileRef = 22A9044C2784504B00A25020 /* LaunchScreen.storyboard */; };
		22A904582784530700A25020 /* AuthenCoordinator.swift in Sources */ = {isa = PBXBuildFile; fileRef = 22A904572784530700A25020 /* AuthenCoordinator.swift */; };
		22A9045B2784537900A25020 /* Coordinator.swift in Sources */ = {isa = PBXBuildFile; fileRef = 22A9045A2784537900A25020 /* Coordinator.swift */; };
		22A9045E2784540300A25020 /* LoginViewController.swift in Sources */ = {isa = PBXBuildFile; fileRef = 22A9045D2784540300A25020 /* LoginViewController.swift */; };
		22A904602784541A00A25020 /* Login.storyboard in Resources */ = {isa = PBXBuildFile; fileRef = 22A9045F2784541A00A25020 /* Login.storyboard */; };
		22A904622784547100A25020 /* LoginViewModel.swift in Sources */ = {isa = PBXBuildFile; fileRef = 22A904612784547100A25020 /* LoginViewModel.swift */; };
		22A904652784841E00A25020 /* HomeCoordinator.swift in Sources */ = {isa = PBXBuildFile; fileRef = 22A904642784841E00A25020 /* HomeCoordinator.swift */; };
		22A904692784846D00A25020 /* HomeViewController.swift in Sources */ = {isa = PBXBuildFile; fileRef = 22A904672784846D00A25020 /* HomeViewController.swift */; };
		22A9046A2784846D00A25020 /* HomeViewModel.swift in Sources */ = {isa = PBXBuildFile; fileRef = 22A904682784846D00A25020 /* HomeViewModel.swift */; };
		22A9046C2784847E00A25020 /* Home.storyboard in Resources */ = {isa = PBXBuildFile; fileRef = 22A9046B2784847E00A25020 /* Home.storyboard */; };
		22A90470278485DB00A25020 /* DetailViewController.swift in Sources */ = {isa = PBXBuildFile; fileRef = 22A9046E278485DB00A25020 /* DetailViewController.swift */; };
		22A90471278485DB00A25020 /* DetailViewModel.swift in Sources */ = {isa = PBXBuildFile; fileRef = 22A9046F278485DB00A25020 /* DetailViewModel.swift */; };
		22A904732784873C00A25020 /* Detail.storyboard in Resources */ = {isa = PBXBuildFile; fileRef = 22A904722784873C00A25020 /* Detail.storyboard */; };
		22A904762784886300A25020 /* ItemViewCell.swift in Sources */ = {isa = PBXBuildFile; fileRef = 22A904752784886300A25020 /* ItemViewCell.swift */; };
		22A9047927848A6D00A25020 /* UIViewController+Extensions.swift in Sources */ = {isa = PBXBuildFile; fileRef = 22A9047827848A6D00A25020 /* UIViewController+Extensions.swift */; };
		22A9047B2784972F00A25020 /* UITextField+Extensions.swift in Sources */ = {isa = PBXBuildFile; fileRef = 22A9047A2784972F00A25020 /* UITextField+Extensions.swift */; };
		22A9047F2784A42100A25020 /* OTPViewController.swift in Sources */ = {isa = PBXBuildFile; fileRef = 22A9047D2784A42100A25020 /* OTPViewController.swift */; };
		22A904802784A42100A25020 /* OTPViewModel.swift in Sources */ = {isa = PBXBuildFile; fileRef = 22A9047E2784A42100A25020 /* OTPViewModel.swift */; };
		22A904822784A42F00A25020 /* OTP.storyboard in Resources */ = {isa = PBXBuildFile; fileRef = 22A904812784A42F00A25020 /* OTP.storyboard */; };
		22A904852784AC0A00A25020 /* AReuseableView.swift in Sources */ = {isa = PBXBuildFile; fileRef = 22A904842784AC0A00A25020 /* AReuseableView.swift */; };
		22A904882784ACF700A25020 /* Authen.swift in Sources */ = {isa = PBXBuildFile; fileRef = 22A904872784ACF700A25020 /* Authen.swift */; };
		22A9048A2784B42700A25020 /* UIControl+Extensions.swift in Sources */ = {isa = PBXBuildFile; fileRef = 22A904892784B42700A25020 /* UIControl+Extensions.swift */; };
/* End PBXBuildFile section */

/* Begin PBXFileReference section */
		22A9043E2784504800A25020 /* MVVMTemplate.app */ = {isa = PBXFileReference; explicitFileType = wrapper.application; includeInIndex = 0; path = MVVMTemplate.app; sourceTree = BUILT_PRODUCTS_DIR; };
		22A904412784504800A25020 /* AppDelegate.swift */ = {isa = PBXFileReference; lastKnownFileType = sourcecode.swift; path = AppDelegate.swift; sourceTree = "<group>"; };
		22A9044A2784504B00A25020 /* Assets.xcassets */ = {isa = PBXFileReference; lastKnownFileType = folder.assetcatalog; path = Assets.xcassets; sourceTree = "<group>"; };
		22A9044D2784504B00A25020 /* Base */ = {isa = PBXFileReference; lastKnownFileType = file.storyboard; name = Base; path = Base.lproj/LaunchScreen.storyboard; sourceTree = "<group>"; };
		22A9044F2784504B00A25020 /* Info.plist */ = {isa = PBXFileReference; lastKnownFileType = text.plist.xml; path = Info.plist; sourceTree = "<group>"; };
		22A904572784530700A25020 /* AuthenCoordinator.swift */ = {isa = PBXFileReference; lastKnownFileType = sourcecode.swift; path = AuthenCoordinator.swift; sourceTree = "<group>"; };
		22A9045A2784537900A25020 /* Coordinator.swift */ = {isa = PBXFileReference; lastKnownFileType = sourcecode.swift; path = Coordinator.swift; sourceTree = "<group>"; };
		22A9045D2784540300A25020 /* LoginViewController.swift */ = {isa = PBXFileReference; lastKnownFileType = sourcecode.swift; path = LoginViewController.swift; sourceTree = "<group>"; };
		22A9045F2784541A00A25020 /* Login.storyboard */ = {isa = PBXFileReference; lastKnownFileType = file.storyboard; path = Login.storyboard; sourceTree = "<group>"; };
		22A904612784547100A25020 /* LoginViewModel.swift */ = {isa = PBXFileReference; lastKnownFileType = sourcecode.swift; path = LoginViewModel.swift; sourceTree = "<group>"; };
		22A904642784841E00A25020 /* HomeCoordinator.swift */ = {isa = PBXFileReference; lastKnownFileType = sourcecode.swift; path = HomeCoordinator.swift; sourceTree = "<group>"; };
		22A904672784846D00A25020 /* HomeViewController.swift */ = {isa = PBXFileReference; lastKnownFileType = sourcecode.swift; path = HomeViewController.swift; sourceTree = "<group>"; };
		22A904682784846D00A25020 /* HomeViewModel.swift */ = {isa = PBXFileReference; lastKnownFileType = sourcecode.swift; path = HomeViewModel.swift; sourceTree = "<group>"; };
		22A9046B2784847E00A25020 /* Home.storyboard */ = {isa = PBXFileReference; lastKnownFileType = file.storyboard; path = Home.storyboard; sourceTree = "<group>"; };
		22A9046E278485DB00A25020 /* DetailViewController.swift */ = {isa = PBXFileReference; lastKnownFileType = sourcecode.swift; path = DetailViewController.swift; sourceTree = "<group>"; };
		22A9046F278485DB00A25020 /* DetailViewModel.swift */ = {isa = PBXFileReference; lastKnownFileType = sourcecode.swift; path = DetailViewModel.swift; sourceTree = "<group>"; };
		22A904722784873C00A25020 /* Detail.storyboard */ = {isa = PBXFileReference; lastKnownFileType = file.storyboard; path = Detail.storyboard; sourceTree = "<group>"; };
		22A904752784886300A25020 /* ItemViewCell.swift */ = {isa = PBXFileReference; lastKnownFileType = sourcecode.swift; path = ItemViewCell.swift; sourceTree = "<group>"; };
		22A9047827848A6D00A25020 /* UIViewController+Extensions.swift */ = {isa = PBXFileReference; lastKnownFileType = sourcecode.swift; path = "UIViewController+Extensions.swift"; sourceTree = "<group>"; };
		22A9047A2784972F00A25020 /* UITextField+Extensions.swift */ = {isa = PBXFileReference; lastKnownFileType = sourcecode.swift; path = "UITextField+Extensions.swift"; sourceTree = "<group>"; };
		22A9047D2784A42100A25020 /* OTPViewController.swift */ = {isa = PBXFileReference; lastKnownFileType = sourcecode.swift; path = OTPViewController.swift; sourceTree = "<group>"; };
		22A9047E2784A42100A25020 /* OTPViewModel.swift */ = {isa = PBXFileReference; lastKnownFileType = sourcecode.swift; path = OTPViewModel.swift; sourceTree = "<group>"; };
		22A904812784A42F00A25020 /* OTP.storyboard */ = {isa = PBXFileReference; lastKnownFileType = file.storyboard; path = OTP.storyboard; sourceTree = "<group>"; };
		22A904842784AC0A00A25020 /* AReuseableView.swift */ = {isa = PBXFileReference; lastKnownFileType = sourcecode.swift; path = AReuseableView.swift; sourceTree = "<group>"; };
		22A904872784ACF700A25020 /* Authen.swift */ = {isa = PBXFileReference; lastKnownFileType = sourcecode.swift; path = Authen.swift; sourceTree = "<group>"; };
		22A904892784B42700A25020 /* UIControl+Extensions.swift */ = {isa = PBXFileReference; lastKnownFileType = sourcecode.swift; path = "UIControl+Extensions.swift"; sourceTree = "<group>"; };
/* End PBXFileReference section */

/* Begin PBXFrameworksBuildPhase section */
		22A9043B2784504800A25020 /* Frameworks */ = {
			isa = PBXFrameworksBuildPhase;
			buildActionMask = 2147483647;
			files = (
			);
			runOnlyForDeploymentPostprocessing = 0;
		};
/* End PBXFrameworksBuildPhase section */

/* Begin PBXGroup section */
		22A904352784504800A25020 = {
			isa = PBXGroup;
			children = (
				22A904402784504800A25020 /* MVVMTemplate */,
				22A9043F2784504800A25020 /* Products */,
			);
			sourceTree = "<group>";
		};
		22A9043F2784504800A25020 /* Products */ = {
			isa = PBXGroup;
			children = (
				22A9043E2784504800A25020 /* MVVMTemplate.app */,
			);
			name = Products;
			sourceTree = "<group>";
		};
		22A904402784504800A25020 /* MVVMTemplate */ = {
			isa = PBXGroup;
			children = (
				22A904592784536800A25020 /* Shared */,
				22A904832784ABF300A25020 /* Views */,
				22A90456278452E500A25020 /* Modules */,
				22A9047727848A3F00A25020 /* Extensions */,
				22A904412784504800A25020 /* AppDelegate.swift */,
				22A9044A2784504B00A25020 /* Assets.xcassets */,
				22A9044C2784504B00A25020 /* LaunchScreen.storyboard */,
				22A9044F2784504B00A25020 /* Info.plist */,
			);
			path = MVVMTemplate;
			sourceTree = "<group>";
		};
		22A90455278452DE00A25020 /* Authen */ = {
			isa = PBXGroup;
			children = (
				22A904572784530700A25020 /* AuthenCoordinator.swift */,
				22A9045C278453B600A25020 /* Login */,
				22A9047C2784A40A00A25020 /* OTP */,
			);
			path = Authen;
			sourceTree = "<group>";
		};
		22A90456278452E500A25020 /* Modules */ = {
			isa = PBXGroup;
			children = (
				22A90455278452DE00A25020 /* Authen */,
				22A904632784840700A25020 /* Home */,
			);
			path = Modules;
			sourceTree = "<group>";
		};
		22A904592784536800A25020 /* Shared */ = {
			isa = PBXGroup;
			children = (
				22A9045A2784537900A25020 /* Coordinator.swift */,
			);
			path = Shared;
			sourceTree = "<group>";
		};
		22A9045C278453B600A25020 /* Login */ = {
			isa = PBXGroup;
			children = (
				22A904862784ACDD00A25020 /* Models */,
				22A9045F2784541A00A25020 /* Login.storyboard */,
				22A9045D2784540300A25020 /* LoginViewController.swift */,
				22A904612784547100A25020 /* LoginViewModel.swift */,
			);
			path = Login;
			sourceTree = "<group>";
		};
		22A904632784840700A25020 /* Home */ = {
			isa = PBXGroup;
			children = (
				22A904642784841E00A25020 /* HomeCoordinator.swift */,
				22A904662784845900A25020 /* Home */,
				22A9046D278485BD00A25020 /* Detail */,
			);
			path = Home;
			sourceTree = "<group>";
		};
		22A904662784845900A25020 /* Home */ = {
			isa = PBXGroup;
			children = (
				22A904742784885100A25020 /* Views */,
				22A9046B2784847E00A25020 /* Home.storyboard */,
				22A904672784846D00A25020 /* HomeViewController.swift */,
				22A904682784846D00A25020 /* HomeViewModel.swift */,
			);
			path = Home;
			sourceTree = "<group>";
		};
		22A9046D278485BD00A25020 /* Detail */ = {
			isa = PBXGroup;
			children = (
				22A904722784873C00A25020 /* Detail.storyboard */,
				22A9046E278485DB00A25020 /* DetailViewController.swift */,
				22A9046F278485DB00A25020 /* DetailViewModel.swift */,
			);
			path = Detail;
			sourceTree = "<group>";
		};
		22A904742784885100A25020 /* Views */ = {
			isa = PBXGroup;
			children = (
				22A904752784886300A25020 /* ItemViewCell.swift */,
			);
			path = Views;
			sourceTree = "<group>";
		};
		22A9047727848A3F00A25020 /* Extensions */ = {
			isa = PBXGroup;
			children = (
				22A9047827848A6D00A25020 /* UIViewController+Extensions.swift */,
				22A9047A2784972F00A25020 /* UITextField+Extensions.swift */,
				22A904892784B42700A25020 /* UIControl+Extensions.swift */,
			);
			path = Extensions;
			sourceTree = "<group>";
		};
		22A9047C2784A40A00A25020 /* OTP */ = {
			isa = PBXGroup;
			children = (
				22A904812784A42F00A25020 /* OTP.storyboard */,
				22A9047D2784A42100A25020 /* OTPViewController.swift */,
				22A9047E2784A42100A25020 /* OTPViewModel.swift */,
			);
			path = OTP;
			sourceTree = "<group>";
		};
		22A904832784ABF300A25020 /* Views */ = {
			isa = PBXGroup;
			children = (
				22A904842784AC0A00A25020 /* AReuseableView.swift */,
			);
			path = Views;
			sourceTree = "<group>";
		};
		22A904862784ACDD00A25020 /* Models */ = {
			isa = PBXGroup;
			children = (
				22A904872784ACF700A25020 /* Authen.swift */,
			);
			path = Models;
			sourceTree = "<group>";
		};
/* End PBXGroup section */

/* Begin PBXNativeTarget section */
		22A9043D2784504800A25020 /* MVVMTemplate */ = {
			isa = PBXNativeTarget;
			buildConfigurationList = 22A904522784504B00A25020 /* Build configuration list for PBXNativeTarget "MVVMTemplate" */;
			buildPhases = (
				22A9043A2784504800A25020 /* Sources */,
				22A9043B2784504800A25020 /* Frameworks */,
				22A9043C2784504800A25020 /* Resources */,
			);
			buildRules = (
			);
			dependencies = (
			);
			name = MVVMTemplate;
			productName = MVVMTemplate;
			productReference = 22A9043E2784504800A25020 /* MVVMTemplate.app */;
			productType = "com.apple.product-type.application";
		};
/* End PBXNativeTarget section */

/* Begin PBXProject section */
		22A904362784504800A25020 /* Project object */ = {
			isa = PBXProject;
			attributes = {
				BuildIndependentTargetsInParallel = 1;
				LastSwiftUpdateCheck = 1320;
				LastUpgradeCheck = 1320;
				TargetAttributes = {
					22A9043D2784504800A25020 = {
						CreatedOnToolsVersion = 13.2.1;
					};
				};
			};
			buildConfigurationList = 22A904392784504800A25020 /* Build configuration list for PBXProject "MVVMTemplate" */;
			compatibilityVersion = "Xcode 13.0";
			developmentRegion = en;
			hasScannedForEncodings = 0;
			knownRegions = (
				en,
				Base,
			);
			mainGroup = 22A904352784504800A25020;
			productRefGroup = 22A9043F2784504800A25020 /* Products */;
			projectDirPath = "";
			projectRoot = "";
			targets = (
				22A9043D2784504800A25020 /* MVVMTemplate */,
			);
		};
/* End PBXProject section */

/* Begin PBXResourcesBuildPhase section */
		22A9043C2784504800A25020 /* Resources */ = {
			isa = PBXResourcesBuildPhase;
			buildActionMask = 2147483647;
			files = (
				22A9044E2784504B00A25020 /* LaunchScreen.storyboard in Resources */,
				22A9044B2784504B00A25020 /* Assets.xcassets in Resources */,
				22A904602784541A00A25020 /* Login.storyboard in Resources */,
				22A904732784873C00A25020 /* Detail.storyboard in Resources */,
				22A904822784A42F00A25020 /* OTP.storyboard in Resources */,
				22A9046C2784847E00A25020 /* Home.storyboard in Resources */,
			);
			runOnlyForDeploymentPostprocessing = 0;
		};
/* End PBXResourcesBuildPhase section */

/* Begin PBXSourcesBuildPhase section */
		22A9043A2784504800A25020 /* Sources */ = {
			isa = PBXSourcesBuildPhase;
			buildActionMask = 2147483647;
			files = (
				22A9047B2784972F00A25020 /* UITextField+Extensions.swift in Sources */,
				22A90470278485DB00A25020 /* DetailViewController.swift in Sources */,
				22A904882784ACF700A25020 /* Authen.swift in Sources */,
				22A9045B2784537900A25020 /* Coordinator.swift in Sources */,
				22A904852784AC0A00A25020 /* AReuseableView.swift in Sources */,
				22A9046A2784846D00A25020 /* HomeViewModel.swift in Sources */,
				22A90471278485DB00A25020 /* DetailViewModel.swift in Sources */,
				22A904802784A42100A25020 /* OTPViewModel.swift in Sources */,
				22A9047927848A6D00A25020 /* UIViewController+Extensions.swift in Sources */,
				22A9048A2784B42700A25020 /* UIControl+Extensions.swift in Sources */,
				22A904622784547100A25020 /* LoginViewModel.swift in Sources */,
				22A904762784886300A25020 /* ItemViewCell.swift in Sources */,
				22A904692784846D00A25020 /* HomeViewController.swift in Sources */,
				22A904422784504800A25020 /* AppDelegate.swift in Sources */,
				22A9045E2784540300A25020 /* LoginViewController.swift in Sources */,
				22A904652784841E00A25020 /* HomeCoordinator.swift in Sources */,
				22A9047F2784A42100A25020 /* OTPViewController.swift in Sources */,
				22A904582784530700A25020 /* AuthenCoordinator.swift in Sources */,
			);
			runOnlyForDeploymentPostprocessing = 0;
		};
/* End PBXSourcesBuildPhase section */

/* Begin PBXVariantGroup section */
		22A9044C2784504B00A25020 /* LaunchScreen.storyboard */ = {
			isa = PBXVariantGroup;
			children = (
				22A9044D2784504B00A25020 /* Base */,
			);
			name = LaunchScreen.storyboard;
			sourceTree = "<group>";
		};
/* End PBXVariantGroup section */

/* Begin XCBuildConfiguration section */
		22A904502784504B00A25020 /* Debug */ = {
			isa = XCBuildConfiguration;
			buildSettings = {
				ALWAYS_SEARCH_USER_PATHS = NO;
				CLANG_ANALYZER_NONNULL = YES;
				CLANG_ANALYZER_NUMBER_OBJECT_CONVERSION = YES_AGGRESSIVE;
				CLANG_CXX_LANGUAGE_STANDARD = "gnu++17";
				CLANG_CXX_LIBRARY = "libc++";
				CLANG_ENABLE_MODULES = YES;
				CLANG_ENABLE_OBJC_ARC = YES;
				CLANG_ENABLE_OBJC_WEAK = YES;
				CLANG_WARN_BLOCK_CAPTURE_AUTORELEASING = YES;
				CLANG_WARN_BOOL_CONVERSION = YES;
				CLANG_WARN_COMMA = YES;
				CLANG_WARN_CONSTANT_CONVERSION = YES;
				CLANG_WARN_DEPRECATED_OBJC_IMPLEMENTATIONS = YES;
				CLANG_WARN_DIRECT_OBJC_ISA_USAGE = YES_ERROR;
				CLANG_WARN_DOCUMENTATION_COMMENTS = YES;
				CLANG_WARN_EMPTY_BODY = YES;
				CLANG_WARN_ENUM_CONVERSION = YES;
				CLANG_WARN_INFINITE_RECURSION = YES;
				CLANG_WARN_INT_CONVERSION = YES;
				CLANG_WARN_NON_LITERAL_NULL_CONVERSION = YES;
				CLANG_WARN_OBJC_IMPLICIT_RETAIN_SELF = YES;
				CLANG_WARN_OBJC_LITERAL_CONVERSION = YES;
				CLANG_WARN_OBJC_ROOT_CLASS = YES_ERROR;
				CLANG_WARN_QUOTED_INCLUDE_IN_FRAMEWORK_HEADER = YES;
				CLANG_WARN_RANGE_LOOP_ANALYSIS = YES;
				CLANG_WARN_STRICT_PROTOTYPES = YES;
				CLANG_WARN_SUSPICIOUS_MOVE = YES;
				CLANG_WARN_UNGUARDED_AVAILABILITY = YES_AGGRESSIVE;
				CLANG_WARN_UNREACHABLE_CODE = YES;
				CLANG_WARN__DUPLICATE_METHOD_MATCH = YES;
				COPY_PHASE_STRIP = NO;
				DEBUG_INFORMATION_FORMAT = dwarf;
				ENABLE_STRICT_OBJC_MSGSEND = YES;
				ENABLE_TESTABILITY = YES;
				GCC_C_LANGUAGE_STANDARD = gnu11;
				GCC_DYNAMIC_NO_PIC = NO;
				GCC_NO_COMMON_BLOCKS = YES;
				GCC_OPTIMIZATION_LEVEL = 0;
				GCC_PREPROCESSOR_DEFINITIONS = (
					"DEBUG=1",
					"$(inherited)",
				);
				GCC_WARN_64_TO_32_BIT_CONVERSION = YES;
				GCC_WARN_ABOUT_RETURN_TYPE = YES_ERROR;
				GCC_WARN_UNDECLARED_SELECTOR = YES;
				GCC_WARN_UNINITIALIZED_AUTOS = YES_AGGRESSIVE;
				GCC_WARN_UNUSED_FUNCTION = YES;
				GCC_WARN_UNUSED_VARIABLE = YES;
				IPHONEOS_DEPLOYMENT_TARGET = 15.2;
				MTL_ENABLE_DEBUG_INFO = INCLUDE_SOURCE;
				MTL_FAST_MATH = YES;
				ONLY_ACTIVE_ARCH = YES;
				SDKROOT = iphoneos;
				SWIFT_ACTIVE_COMPILATION_CONDITIONS = DEBUG;
				SWIFT_OPTIMIZATION_LEVEL = "-Onone";
			};
			name = Debug;
		};
		22A904512784504B00A25020 /* Release */ = {
			isa = XCBuildConfiguration;
			buildSettings = {
				ALWAYS_SEARCH_USER_PATHS = NO;
				CLANG_ANALYZER_NONNULL = YES;
				CLANG_ANALYZER_NUMBER_OBJECT_CONVERSION = YES_AGGRESSIVE;
				CLANG_CXX_LANGUAGE_STANDARD = "gnu++17";
				CLANG_CXX_LIBRARY = "libc++";
				CLANG_ENABLE_MODULES = YES;
				CLANG_ENABLE_OBJC_ARC = YES;
				CLANG_ENABLE_OBJC_WEAK = YES;
				CLANG_WARN_BLOCK_CAPTURE_AUTORELEASING = YES;
				CLANG_WARN_BOOL_CONVERSION = YES;
				CLANG_WARN_COMMA = YES;
				CLANG_WARN_CONSTANT_CONVERSION = YES;
				CLANG_WARN_DEPRECATED_OBJC_IMPLEMENTATIONS = YES;
				CLANG_WARN_DIRECT_OBJC_ISA_USAGE = YES_ERROR;
				CLANG_WARN_DOCUMENTATION_COMMENTS = YES;
				CLANG_WARN_EMPTY_BODY = YES;
				CLANG_WARN_ENUM_CONVERSION = YES;
				CLANG_WARN_INFINITE_RECURSION = YES;
				CLANG_WARN_INT_CONVERSION = YES;
				CLANG_WARN_NON_LITERAL_NULL_CONVERSION = YES;
				CLANG_WARN_OBJC_IMPLICIT_RETAIN_SELF = YES;
				CLANG_WARN_OBJC_LITERAL_CONVERSION = YES;
				CLANG_WARN_OBJC_ROOT_CLASS = YES_ERROR;
				CLANG_WARN_QUOTED_INCLUDE_IN_FRAMEWORK_HEADER = YES;
				CLANG_WARN_RANGE_LOOP_ANALYSIS = YES;
				CLANG_WARN_STRICT_PROTOTYPES = YES;
				CLANG_WARN_SUSPICIOUS_MOVE = YES;
				CLANG_WARN_UNGUARDED_AVAILABILITY = YES_AGGRESSIVE;
				CLANG_WARN_UNREACHABLE_CODE = YES;
				CLANG_WARN__DUPLICATE_METHOD_MATCH = YES;
				COPY_PHASE_STRIP = NO;
				DEBUG_INFORMATION_FORMAT = "dwarf-with-dsym";
				ENABLE_NS_ASSERTIONS = NO;
				ENABLE_STRICT_OBJC_MSGSEND = YES;
				GCC_C_LANGUAGE_STANDARD = gnu11;
				GCC_NO_COMMON_BLOCKS = YES;
				GCC_WARN_64_TO_32_BIT_CONVERSION = YES;
				GCC_WARN_ABOUT_RETURN_TYPE = YES_ERROR;
				GCC_WARN_UNDECLARED_SELECTOR = YES;
				GCC_WARN_UNINITIALIZED_AUTOS = YES_AGGRESSIVE;
				GCC_WARN_UNUSED_FUNCTION = YES;
				GCC_WARN_UNUSED_VARIABLE = YES;
				IPHONEOS_DEPLOYMENT_TARGET = 15.2;
				MTL_ENABLE_DEBUG_INFO = NO;
				MTL_FAST_MATH = YES;
				SDKROOT = iphoneos;
				SWIFT_COMPILATION_MODE = wholemodule;
				SWIFT_OPTIMIZATION_LEVEL = "-O";
				VALIDATE_PRODUCT = YES;
			};
			name = Release;
		};
		22A904532784504B00A25020 /* Debug */ = {
			isa = XCBuildConfiguration;
			buildSettings = {
				ASSETCATALOG_COMPILER_APPICON_NAME = AppIcon;
				ASSETCATALOG_COMPILER_GLOBAL_ACCENT_COLOR_NAME = AccentColor;
				CODE_SIGN_STYLE = Automatic;
				CURRENT_PROJECT_VERSION = 1;
				DEVELOPMENT_TEAM = 7Q65US49K6;
				GENERATE_INFOPLIST_FILE = YES;
				INFOPLIST_FILE = MVVMTemplate/Info.plist;
				INFOPLIST_KEY_UIApplicationSupportsIndirectInputEvents = YES;
				INFOPLIST_KEY_UILaunchStoryboardName = LaunchScreen;
				INFOPLIST_KEY_UISupportedInterfaceOrientations_iPad = "UIInterfaceOrientationPortrait UIInterfaceOrientationPortraitUpsideDown UIInterfaceOrientationLandscapeLeft UIInterfaceOrientationLandscapeRight";
				INFOPLIST_KEY_UISupportedInterfaceOrientations_iPhone = "UIInterfaceOrientationPortrait UIInterfaceOrientationLandscapeLeft UIInterfaceOrientationLandscapeRight";
				IPHONEOS_DEPLOYMENT_TARGET = 13.0;
				LD_RUNPATH_SEARCH_PATHS = (
					"$(inherited)",
					"@executable_path/Frameworks",
				);
				MARKETING_VERSION = 1.0;
				PRODUCT_BUNDLE_IDENTIFIER = com.2359media.MVVMTemplate;
				PRODUCT_NAME = "$(TARGET_NAME)";
				SWIFT_EMIT_LOC_STRINGS = YES;
				SWIFT_VERSION = 5.0;
				TARGETED_DEVICE_FAMILY = 1;
			};
			name = Debug;
		};
		22A904542784504B00A25020 /* Release */ = {
			isa = XCBuildConfiguration;
			buildSettings = {
				ASSETCATALOG_COMPILER_APPICON_NAME = AppIcon;
				ASSETCATALOG_COMPILER_GLOBAL_ACCENT_COLOR_NAME = AccentColor;
				CODE_SIGN_STYLE = Automatic;
				CURRENT_PROJECT_VERSION = 1;
				DEVELOPMENT_TEAM = 7Q65US49K6;
				GENERATE_INFOPLIST_FILE = YES;
				INFOPLIST_FILE = MVVMTemplate/Info.plist;
				INFOPLIST_KEY_UIApplicationSupportsIndirectInputEvents = YES;
				INFOPLIST_KEY_UILaunchStoryboardName = LaunchScreen;
				INFOPLIST_KEY_UISupportedInterfaceOrientations_iPad = "UIInterfaceOrientationPortrait UIInterfaceOrientationPortraitUpsideDown UIInterfaceOrientationLandscapeLeft UIInterfaceOrientationLandscapeRight";
				INFOPLIST_KEY_UISupportedInterfaceOrientations_iPhone = "UIInterfaceOrientationPortrait UIInterfaceOrientationLandscapeLeft UIInterfaceOrientationLandscapeRight";
				IPHONEOS_DEPLOYMENT_TARGET = 13.0;
				LD_RUNPATH_SEARCH_PATHS = (
					"$(inherited)",
					"@executable_path/Frameworks",
				);
				MARKETING_VERSION = 1.0;
				PRODUCT_BUNDLE_IDENTIFIER = com.2359media.MVVMTemplate;
				PRODUCT_NAME = "$(TARGET_NAME)";
				SWIFT_EMIT_LOC_STRINGS = YES;
				SWIFT_VERSION = 5.0;
				TARGETED_DEVICE_FAMILY = 1;
			};
			name = Release;
		};
/* End XCBuildConfiguration section */

/* Begin XCConfigurationList section */
		22A904392784504800A25020 /* Build configuration list for PBXProject "MVVMTemplate" */ = {
			isa = XCConfigurationList;
			buildConfigurations = (
				22A904502784504B00A25020 /* Debug */,
				22A904512784504B00A25020 /* Release */,
			);
			defaultConfigurationIsVisible = 0;
			defaultConfigurationName = Release;
		};
		22A904522784504B00A25020 /* Build configuration list for PBXNativeTarget "MVVMTemplate" */ = {
			isa = XCConfigurationList;
			buildConfigurations = (
				22A904532784504B00A25020 /* Debug */,
				22A904542784504B00A25020 /* Release */,
			);
			defaultConfigurationIsVisible = 0;
			defaultConfigurationName = Release;
		};
/* End XCConfigurationList section */
	};
	rootObject = 22A904362784504800A25020 /* Project object */;
}
